// !$*UTF8*$!
{
	archiveVersion = 1;
	classes = {
	};
	objectVersion = 48;
	objects = {

/* Begin PBXBuildFile section */
		0379177C20088372005561FC /* AppDelegate.swift in Sources */ = {isa = PBXBuildFile; fileRef = 0379177B20088372005561FC /* AppDelegate.swift */; };
		0379177E20088372005561FC /* ViewController.swift in Sources */ = {isa = PBXBuildFile; fileRef = 0379177D20088372005561FC /* ViewController.swift */; };
		0379178120088372005561FC /* Main.storyboard in Resources */ = {isa = PBXBuildFile; fileRef = 0379177F20088372005561FC /* Main.storyboard */; };
		0379178320088372005561FC /* Assets.xcassets in Resources */ = {isa = PBXBuildFile; fileRef = 0379178220088372005561FC /* Assets.xcassets */; };
		0379178620088372005561FC /* LaunchScreen.storyboard in Resources */ = {isa = PBXBuildFile; fileRef = 0379178420088372005561FC /* LaunchScreen.storyboard */; };
		0379179120088373005561FC /* Hello_worldTests.swift in Sources */ = {isa = PBXBuildFile; fileRef = 0379179020088373005561FC /* Hello_worldTests.swift */; };
		0379179C20088373005561FC /* Hello_worldUITests.swift in Sources */ = {isa = PBXBuildFile; fileRef = 0379179B20088373005561FC /* Hello_worldUITests.swift */; };
/* End PBXBuildFile section */

/* Begin PBXContainerItemProxy section */
		0379178D20088373005561FC /* PBXContainerItemProxy */ = {
			isa = PBXContainerItemProxy;
			containerPortal = 0379177020088372005561FC /* Project object */;
			proxyType = 1;
			remoteGlobalIDString = 0379177720088372005561FC;
			remoteInfo = "Hello world";
		};
		0379179820088373005561FC /* PBXContainerItemProxy */ = {
			isa = PBXContainerItemProxy;
			containerPortal = 0379177020088372005561FC /* Project object */;
			proxyType = 1;
			remoteGlobalIDString = 0379177720088372005561FC;
			remoteInfo = "Hello world";
		};
/* End PBXContainerItemProxy section */

/* Begin PBXFileReference section */
		0379177820088372005561FC /* Hello world.app */ = {isa = PBXFileReference; explicitFileType = wrapper.application; includeInIndex = 0; path = "Hello world.app"; sourceTree = BUILT_PRODUCTS_DIR; };
		0379177B20088372005561FC /* AppDelegate.swift */ = {isa = PBXFileReference; lastKnownFileType = sourcecode.swift; path = AppDelegate.swift; sourceTree = "<group>"; };
		0379177D20088372005561FC /* ViewController.swift */ = {isa = PBXFileReference; lastKnownFileType = sourcecode.swift; path = ViewController.swift; sourceTree = "<group>"; };
		0379178020088372005561FC /* Base */ = {isa = PBXFileReference; lastKnownFileType = file.storyboard; name = Base; path = Base.lproj/Main.storyboard; sourceTree = "<group>"; };
		0379178220088372005561FC /* Assets.xcassets */ = {isa = PBXFileReference; lastKnownFileType = folder.assetcatalog; path = Assets.xcassets; sourceTree = "<group>"; };
		0379178520088372005561FC /* Base */ = {isa = PBXFileReference; lastKnownFileType = file.storyboard; name = Base; path = Base.lproj/LaunchScreen.storyboard; sourceTree = "<group>"; };
		0379178720088372005561FC /* Info.plist */ = {isa = PBXFileReference; lastKnownFileType = text.plist.xml; path = Info.plist; sourceTree = "<group>"; };
		0379178C20088373005561FC /* Hello worldTests.xctest */ = {isa = PBXFileReference; explicitFileType = wrapper.cfbundle; includeInIndex = 0; path = "Hello worldTests.xctest"; sourceTree = BUILT_PRODUCTS_DIR; };
		0379179020088373005561FC /* Hello_worldTests.swift */ = {isa = PBXFileReference; lastKnownFileType = sourcecode.swift; path = Hello_worldTests.swift; sourceTree = "<group>"; };
		0379179220088373005561FC /* Info.plist */ = {isa = PBXFileReference; lastKnownFileType = text.plist.xml; path = Info.plist; sourceTree = "<group>"; };
		0379179720088373005561FC /* Hello worldUITests.xctest */ = {isa = PBXFileReference; explicitFileType = wrapper.cfbundle; includeInIndex = 0; path = "Hello worldUITests.xctest"; sourceTree = BUILT_PRODUCTS_DIR; };
		0379179B20088373005561FC /* Hello_worldUITests.swift */ = {isa = PBXFileReference; lastKnownFileType = sourcecode.swift; path = Hello_worldUITests.swift; sourceTree = "<group>"; };
		0379179D20088373005561FC /* Info.plist */ = {isa = PBXFileReference; lastKnownFileType = text.plist.xml; path = Info.plist; sourceTree = "<group>"; };
/* End PBXFileReference section */

/* Begin PBXFrameworksBuildPhase section */
		0379177520088372005561FC /* Frameworks */ = {
			isa = PBXFrameworksBuildPhase;
			buildActionMask = 2147483647;
			files = (
			);
			runOnlyForDeploymentPostprocessing = 0;
		};
		0379178920088372005561FC /* Frameworks */ = {
			isa = PBXFrameworksBuildPhase;
			buildActionMask = 2147483647;
			files = (
			);
			runOnlyForDeploymentPostprocessing = 0;
		};
		0379179420088373005561FC /* Frameworks */ = {
			isa = PBXFrameworksBuildPhase;
			buildActionMask = 2147483647;
			files = (
			);
			runOnlyForDeploymentPostprocessing = 0;
		};
/* End PBXFrameworksBuildPhase section */

/* Begin PBXGroup section */
		0379176F20088372005561FC = {
			isa = PBXGroup;
			children = (
				0379177A20088372005561FC /* Hello world */,
				0379178F20088373005561FC /* Hello worldTests */,
				0379179A20088373005561FC /* Hello worldUITests */,
				0379177920088372005561FC /* Products */,
			);
			sourceTree = "<group>";
		};
		0379177920088372005561FC /* Products */ = {
			isa = PBXGroup;
			children = (
				0379177820088372005561FC /* Hello world.app */,
				0379178C20088373005561FC /* Hello worldTests.xctest */,
				0379179720088373005561FC /* Hello worldUITests.xctest */,
			);
			name = Products;
			sourceTree = "<group>";
		};
		0379177A20088372005561FC /* Hello world */ = {
			isa = PBXGroup;
			children = (
				0379177B20088372005561FC /* AppDelegate.swift */,
				0379177D20088372005561FC /* ViewController.swift */,
				0379177F20088372005561FC /* Main.storyboard */,
				0379178220088372005561FC /* Assets.xcassets */,
				0379178420088372005561FC /* LaunchScreen.storyboard */,
				0379178720088372005561FC /* Info.plist */,
			);
			path = "Hello world";
			sourceTree = "<group>";
		};
		0379178F20088373005561FC /* Hello worldTests */ = {
			isa = PBXGroup;
			children = (
				0379179020088373005561FC /* Hello_worldTests.swift */,
				0379179220088373005561FC /* Info.plist */,
			);
			path = "Hello worldTests";
			sourceTree = "<group>";
		};
		0379179A20088373005561FC /* Hello worldUITests */ = {
			isa = PBXGroup;
			children = (
				0379179B20088373005561FC /* Hello_worldUITests.swift */,
				0379179D20088373005561FC /* Info.plist */,
			);
			path = "Hello worldUITests";
			sourceTree = "<group>";
		};
/* End PBXGroup section */

/* Begin PBXNativeTarget section */
		0379177720088372005561FC /* Hello world */ = {
			isa = PBXNativeTarget;
			buildConfigurationList = 037917A020088373005561FC /* Build configuration list for PBXNativeTarget "Hello world" */;
			buildPhases = (
				0379177420088372005561FC /* Sources */,
				0379177520088372005561FC /* Frameworks */,
				0379177620088372005561FC /* Resources */,
			);
			buildRules = (
			);
			dependencies = (
			);
			name = "Hello world";
			productName = "Hello world";
			productReference = 0379177820088372005561FC /* Hello world.app */;
			productType = "com.apple.product-type.application";
		};
		0379178B20088372005561FC /* Hello worldTests */ = {
			isa = PBXNativeTarget;
			buildConfigurationList = 037917A320088373005561FC /* Build configuration list for PBXNativeTarget "Hello worldTests" */;
			buildPhases = (
				0379178820088372005561FC /* Sources */,
				0379178920088372005561FC /* Frameworks */,
				0379178A20088372005561FC /* Resources */,
			);
			buildRules = (
			);
			dependencies = (
				0379178E20088373005561FC /* PBXTargetDependency */,
			);
			name = "Hello worldTests";
			productName = "Hello worldTests";
			productReference = 0379178C20088373005561FC /* Hello worldTests.xctest */;
			productType = "com.apple.product-type.bundle.unit-test";
		};
		0379179620088373005561FC /* Hello worldUITests */ = {
			isa = PBXNativeTarget;
			buildConfigurationList = 037917A620088373005561FC /* Build configuration list for PBXNativeTarget "Hello worldUITests" */;
			buildPhases = (
				0379179320088373005561FC /* Sources */,
				0379179420088373005561FC /* Frameworks */,
				0379179520088373005561FC /* Resources */,
			);
			buildRules = (
			);
			dependencies = (
				0379179920088373005561FC /* PBXTargetDependency */,
			);
			name = "Hello worldUITests";
			productName = "Hello worldUITests";
			productReference = 0379179720088373005561FC /* Hello worldUITests.xctest */;
			productType = "com.apple.product-type.bundle.ui-testing";
		};
/* End PBXNativeTarget section */

/* Begin PBXProject section */
		0379177020088372005561FC /* Project object */ = {
			isa = PBXProject;
			attributes = {
				LastSwiftUpdateCheck = 0920;
				LastUpgradeCheck = 0920;
				ORGANIZATIONNAME = "Yawen Chang";
				TargetAttributes = {
					0379177720088372005561FC = {
						CreatedOnToolsVersion = 9.2;
						ProvisioningStyle = Automatic;
					};
					0379178B20088372005561FC = {
						CreatedOnToolsVersion = 9.2;
						ProvisioningStyle = Automatic;
						TestTargetID = 0379177720088372005561FC;
					};
					0379179620088373005561FC = {
						CreatedOnToolsVersion = 9.2;
						ProvisioningStyle = Automatic;
						TestTargetID = 0379177720088372005561FC;
					};
				};
			};
			buildConfigurationList = 0379177320088372005561FC /* Build configuration list for PBXProject "Hello world" */;
			compatibilityVersion = "Xcode 8.0";
			developmentRegion = en;
			hasScannedForEncodings = 0;
			knownRegions = (
				en,
				Base,
			);
			mainGroup = 0379176F20088372005561FC;
			productRefGroup = 0379177920088372005561FC /* Products */;
			projectDirPath = "";
			projectRoot = "";
			targets = (
				0379177720088372005561FC /* Hello world */,
				0379178B20088372005561FC /* Hello worldTests */,
				0379179620088373005561FC /* Hello worldUITests */,
			);
		};
/* End PBXProject section */

/* Begin PBXResourcesBuildPhase section */
		0379177620088372005561FC /* Resources */ = {
			isa = PBXResourcesBuildPhase;
			buildActionMask = 2147483647;
			files = (
				0379178620088372005561FC /* LaunchScreen.storyboard in Resources */,
				0379178320088372005561FC /* Assets.xcassets in Resources */,
				0379178120088372005561FC /* Main.storyboard in Resources */,
			);
			runOnlyForDeploymentPostprocessing = 0;
		};
		0379178A20088372005561FC /* Resources */ = {
			isa = PBXResourcesBuildPhase;
			buildActionMask = 2147483647;
			files = (
			);
			runOnlyForDeploymentPostprocessing = 0;
		};
		0379179520088373005561FC /* Resources */ = {
			isa = PBXResourcesBuildPhase;
			buildActionMask = 2147483647;
			files = (
			);
			runOnlyForDeploymentPostprocessing = 0;
		};
/* End PBXResourcesBuildPhase section */

/* Begin PBXSourcesBuildPhase section */
		0379177420088372005561FC /* Sources */ = {
			isa = PBXSourcesBuildPhase;
			buildActionMask = 2147483647;
			files = (
				0379177E20088372005561FC /* ViewController.swift in Sources */,
				0379177C20088372005561FC /* AppDelegate.swift in Sources */,
			);
			runOnlyForDeploymentPostprocessing = 0;
		};
		0379178820088372005561FC /* Sources */ = {
			isa = PBXSourcesBuildPhase;
			buildActionMask = 2147483647;
			files = (
				0379179120088373005561FC /* Hello_worldTests.swift in Sources */,
			);
			runOnlyForDeploymentPostprocessing = 0;
		};
		0379179320088373005561FC /* Sources */ = {
			isa = PBXSourcesBuildPhase;
			buildActionMask = 2147483647;
			files = (
				0379179C20088373005561FC /* Hello_worldUITests.swift in Sources */,
			);
			runOnlyForDeploymentPostprocessing = 0;
		};
/* End PBXSourcesBuildPhase section */

/* Begin PBXTargetDependency section */
		0379178E20088373005561FC /* PBXTargetDependency */ = {
			isa = PBXTargetDependency;
			target = 0379177720088372005561FC /* Hello world */;
			targetProxy = 0379178D20088373005561FC /* PBXContainerItemProxy */;
		};
		0379179920088373005561FC /* PBXTargetDependency */ = {
			isa = PBXTargetDependency;
			target = 0379177720088372005561FC /* Hello world */;
			targetProxy = 0379179820088373005561FC /* PBXContainerItemProxy */;
		};
/* End PBXTargetDependency section */

/* Begin PBXVariantGroup section */
		0379177F20088372005561FC /* Main.storyboard */ = {
			isa = PBXVariantGroup;
			children = (
				0379178020088372005561FC /* Base */,
			);
			name = Main.storyboard;
			sourceTree = "<group>";
		};
		0379178420088372005561FC /* LaunchScreen.storyboard */ = {
			isa = PBXVariantGroup;
			children = (
				0379178520088372005561FC /* Base */,
			);
			name = LaunchScreen.storyboard;
			sourceTree = "<group>";
		};
/* End PBXVariantGroup section */

/* Begin XCBuildConfiguration section */
		0379179E20088373005561FC /* Debug */ = {
			isa = XCBuildConfiguration;
			buildSettings = {
				ALWAYS_SEARCH_USER_PATHS = NO;
				CLANG_ANALYZER_NONNULL = YES;
				CLANG_ANALYZER_NUMBER_OBJECT_CONVERSION = YES_AGGRESSIVE;
				CLANG_CXX_LANGUAGE_STANDARD = "gnu++14";
				CLANG_CXX_LIBRARY = "libc++";
				CLANG_ENABLE_MODULES = YES;
				CLANG_ENABLE_OBJC_ARC = YES;
				CLANG_WARN_BLOCK_CAPTURE_AUTORELEASING = YES;
				CLANG_WARN_BOOL_CONVERSION = YES;
				CLANG_WARN_COMMA = YES;
				CLANG_WARN_CONSTANT_CONVERSION = YES;
				CLANG_WARN_DIRECT_OBJC_ISA_USAGE = YES_ERROR;
				CLANG_WARN_DOCUMENTATION_COMMENTS = YES;
				CLANG_WARN_EMPTY_BODY = YES;
				CLANG_WARN_ENUM_CONVERSION = YES;
				CLANG_WARN_INFINITE_RECURSION = YES;
				CLANG_WARN_INT_CONVERSION = YES;
				CLANG_WARN_NON_LITERAL_NULL_CONVERSION = YES;
				CLANG_WARN_OBJC_LITERAL_CONVERSION = YES;
				CLANG_WARN_OBJC_ROOT_CLASS = YES_ERROR;
				CLANG_WARN_RANGE_LOOP_ANALYSIS = YES;
				CLANG_WARN_STRICT_PROTOTYPES = YES;
				CLANG_WARN_SUSPICIOUS_MOVE = YES;
				CLANG_WARN_UNGUARDED_AVAILABILITY = YES_AGGRESSIVE;
				CLANG_WARN_UNREACHABLE_CODE = YES;
				CLANG_WARN__DUPLICATE_METHOD_MATCH = YES;
				CODE_SIGN_IDENTITY = "iPhone Developer";
				COPY_PHASE_STRIP = NO;
				DEBUG_INFORMATION_FORMAT = dwarf;
				ENABLE_STRICT_OBJC_MSGSEND = YES;
				ENABLE_TESTABILITY = YES;
				GCC_C_LANGUAGE_STANDARD = gnu11;
				GCC_DYNAMIC_NO_PIC = NO;
				GCC_NO_COMMON_BLOCKS = YES;
				GCC_OPTIMIZATION_LEVEL = 0;
				GCC_PREPROCESSOR_DEFINITIONS = (
					"DEBUG=1",
					"$(inherited)",
				);
				GCC_WARN_64_TO_32_BIT_CONVERSION = YES;
				GCC_WARN_ABOUT_RETURN_TYPE = YES_ERROR;
				GCC_WARN_UNDECLARED_SELECTOR = YES;
				GCC_WARN_UNINITIALIZED_AUTOS = YES_AGGRESSIVE;
				GCC_WARN_UNUSED_FUNCTION = YES;
				GCC_WARN_UNUSED_VARIABLE = YES;
				IPHONEOS_DEPLOYMENT_TARGET = 11.2;
				MTL_ENABLE_DEBUG_INFO = YES;
				ONLY_ACTIVE_ARCH = YES;
				SDKROOT = iphoneos;
				SWIFT_ACTIVE_COMPILATION_CONDITIONS = DEBUG;
				SWIFT_OPTIMIZATION_LEVEL = "-Onone";
			};
			name = Debug;
		};
		0379179F20088373005561FC /* Release */ = {
			isa = XCBuildConfiguration;
			buildSettings = {
				ALWAYS_SEARCH_USER_PATHS = NO;
				CLANG_ANALYZER_NONNULL = YES;
				CLANG_ANALYZER_NUMBER_OBJECT_CONVERSION = YES_AGGRESSIVE;
				CLANG_CXX_LANGUAGE_STANDARD = "gnu++14";
				CLANG_CXX_LIBRARY = "libc++";
				CLANG_ENABLE_MODULES = YES;
				CLANG_ENABLE_OBJC_ARC = YES;
				CLANG_WARN_BLOCK_CAPTURE_AUTORELEASING = YES;
				CLANG_WARN_BOOL_CONVERSION = YES;
				CLANG_WARN_COMMA = YES;
				CLANG_WARN_CONSTANT_CONVERSION = YES;
				CLANG_WARN_DIRECT_OBJC_ISA_USAGE = YES_ERROR;
				CLANG_WARN_DOCUMENTATION_COMMENTS = YES;
				CLANG_WARN_EMPTY_BODY = YES;
				CLANG_WARN_ENUM_CONVERSION = YES;
				CLANG_WARN_INFINITE_RECURSION = YES;
				CLANG_WARN_INT_CONVERSION = YES;
				CLANG_WARN_NON_LITERAL_NULL_CONVERSION = YES;
				CLANG_WARN_OBJC_LITERAL_CONVERSION = YES;
				CLANG_WARN_OBJC_ROOT_CLASS = YES_ERROR;
				CLANG_WARN_RANGE_LOOP_ANALYSIS = YES;
				CLANG_WARN_STRICT_PROTOTYPES = YES;
				CLANG_WARN_SUSPICIOUS_MOVE = YES;
				CLANG_WARN_UNGUARDED_AVAILABILITY = YES_AGGRESSIVE;
				CLANG_WARN_UNREACHABLE_CODE = YES;
				CLANG_WARN__DUPLICATE_METHOD_MATCH = YES;
				CODE_SIGN_IDENTITY = "iPhone Developer";
				COPY_PHASE_STRIP = NO;
				DEBUG_INFORMATION_FORMAT = "dwarf-with-dsym";
				ENABLE_NS_ASSERTIONS = NO;
				ENABLE_STRICT_OBJC_MSGSEND = YES;
				GCC_C_LANGUAGE_STANDARD = gnu11;
				GCC_NO_COMMON_BLOCKS = YES;
				GCC_WARN_64_TO_32_BIT_CONVERSION = YES;
				GCC_WARN_ABOUT_RETURN_TYPE = YES_ERROR;
				GCC_WARN_UNDECLARED_SELECTOR = YES;
				GCC_WARN_UNINITIALIZED_AUTOS = YES_AGGRESSIVE;
				GCC_WARN_UNUSED_FUNCTION = YES;
				GCC_WARN_UNUSED_VARIABLE = YES;
				IPHONEOS_DEPLOYMENT_TARGET = 11.2;
				MTL_ENABLE_DEBUG_INFO = NO;
				SDKROOT = iphoneos;
				SWIFT_OPTIMIZATION_LEVEL = "-Owholemodule";
				VALIDATE_PRODUCT = YES;
			};
			name = Release;
		};
		037917A120088373005561FC /* Debug */ = {
			isa = XCBuildConfiguration;
			buildSettings = {
				ASSETCATALOG_COMPILER_APPICON_NAME = AppIcon;
				CODE_SIGN_STYLE = Automatic;
				INFOPLIST_FILE = "Hello world/Info.plist";
				LD_RUNPATH_SEARCH_PATHS = "$(inherited) @executable_path/Frameworks";
				PRODUCT_BUNDLE_IDENTIFIER = "Test-subject-1.Hello-world";
				PRODUCT_NAME = "$(TARGET_NAME)";
				SWIFT_VERSION = 4.0;
				TARGETED_DEVICE_FAMILY = "1,2";
			};
			name = Debug;
		};
		037917A220088373005561FC /* Release */ = {
			isa = XCBuildConfiguration;
			buildSettings = {
				ASSETCATALOG_COMPILER_APPICON_NAME = AppIcon;
				CODE_SIGN_STYLE = Automatic;
				INFOPLIST_FILE = "Hello world/Info.plist";
				LD_RUNPATH_SEARCH_PATHS = "$(inherited) @executable_path/Frameworks";
				PRODUCT_BUNDLE_IDENTIFIER = "Test-subject-1.Hello-world";
				PRODUCT_NAME = "$(TARGET_NAME)";
				SWIFT_VERSION = 4.0;
				TARGETED_DEVICE_FAMILY = "1,2";
			};
			name = Release;
		};
		037917A420088373005561FC /* Debug */ = {
			isa = XCBuildConfiguration;
			buildSettings = {
				ALWAYS_EMBED_SWIFT_STANDARD_LIBRARIES = YES;
				BUNDLE_LOADER = "$(TEST_HOST)";
				CODE_SIGN_STYLE = Automatic;
				INFOPLIST_FILE = "Hello worldTests/Info.plist";
				LD_RUNPATH_SEARCH_PATHS = "$(inherited) @executable_path/Frameworks @loader_path/Frameworks";
				PRODUCT_BUNDLE_IDENTIFIER = "Test-subject-1.Hello-worldTests";
				PRODUCT_NAME = "$(TARGET_NAME)";
				SWIFT_VERSION = 4.0;
				TARGETED_DEVICE_FAMILY = "1,2";
				TEST_HOST = "$(BUILT_PRODUCTS_DIR)/Hello world.app/Hello world";
			};
			name = Debug;
		};
		037917A520088373005561FC /* Release */ = {
			isa = XCBuildConfiguration;
			buildSettings = {
				ALWAYS_EMBED_SWIFT_STANDARD_LIBRARIES = YES;
				BUNDLE_LOADER = "$(TEST_HOST)";
				CODE_SIGN_STYLE = Automatic;
				INFOPLIST_FILE = "Hello worldTests/Info.plist";
				LD_RUNPATH_SEARCH_PATHS = "$(inherited) @executable_path/Frameworks @loader_path/Frameworks";
				PRODUCT_BUNDLE_IDENTIFIER = "Test-subject-1.Hello-worldTests";
				PRODUCT_NAME = "$(TARGET_NAME)";
				SWIFT_VERSION = 4.0;
				TARGETED_DEVICE_FAMILY = "1,2";
				TEST_HOST = "$(BUILT_PRODUCTS_DIR)/Hello world.app/Hello world";
			};
			name = Release;
		};
		037917A720088373005561FC /* Debug */ = {
			isa = XCBuildConfiguration;
			buildSettings = {
				ALWAYS_EMBED_SWIFT_STANDARD_LIBRARIES = YES;
				CODE_SIGN_STYLE = Automatic;
				INFOPLIST_FILE = "Hello worldUITests/Info.plist";
				LD_RUNPATH_SEARCH_PATHS = "$(inherited) @executable_path/Frameworks @loader_path/Frameworks";
				PRODUCT_BUNDLE_IDENTIFIER = "Test-subject-1.Hello-worldUITests";
				PRODUCT_NAME = "$(TARGET_NAME)";
				SWIFT_VERSION = 4.0;
				TARGETED_DEVICE_FAMILY = "1,2";
				TEST_TARGET_NAME = "Hello world";
			};
			name = Debug;
		};
		037917A820088373005561FC /* Release */ = {
			isa = XCBuildConfiguration;
			buildSettings = {
				ALWAYS_EMBED_SWIFT_STANDARD_LIBRARIES = YES;
				CODE_SIGN_STYLE = Automatic;
				INFOPLIST_FILE = "Hello worldUITests/Info.plist";
				LD_RUNPATH_SEARCH_PATHS = "$(inherited) @executable_path/Frameworks @loader_path/Frameworks";
				PRODUCT_BUNDLE_IDENTIFIER = "Test-subject-1.Hello-worldUITests";
				PRODUCT_NAME = "$(TARGET_NAME)";
				SWIFT_VERSION = 4.0;
				TARGETED_DEVICE_FAMILY = "1,2";
				TEST_TARGET_NAME = "Hello world";
			};
			name = Release;
		};
/* End XCBuildConfiguration section */

/* Begin XCConfigurationList section */
		0379177320088372005561FC /* Build configuration list for PBXProject "Hello world" */ = {
			isa = XCConfigurationList;
			buildConfigurations = (
				0379179E20088373005561FC /* Debug */,
				0379179F20088373005561FC /* Release */,
			);
			defaultConfigurationIsVisible = 0;
			defaultConfigurationName = Release;
		};
		037917A020088373005561FC /* Build configuration list for PBXNativeTarget "Hello world" */ = {
			isa = XCConfigurationList;
			buildConfigurations = (
				037917A120088373005561FC /* Debug */,
				037917A220088373005561FC /* Release */,
			);
			defaultConfigurationIsVisible = 0;
			defaultConfigurationName = Release;
		};
		037917A320088373005561FC /* Build configuration list for PBXNativeTarget "Hello worldTests" */ = {
			isa = XCConfigurationList;
			buildConfigurations = (
				037917A420088373005561FC /* Debug */,
				037917A520088373005561FC /* Release */,
			);
			defaultConfigurationIsVisible = 0;
			defaultConfigurationName = Release;
		};
		037917A620088373005561FC /* Build configuration list for PBXNativeTarget "Hello worldUITests" */ = {
			isa = XCConfigurationList;
			buildConfigurations = (
				037917A720088373005561FC /* Debug */,
				037917A820088373005561FC /* Release */,
			);
			defaultConfigurationIsVisible = 0;
			defaultConfigurationName = Release;
		};
/* End XCConfigurationList section */
	};
	rootObject = 0379177020088372005561FC /* Project object */;
}
